# This file is automatically @generated by Cargo.
# It is not intended for manual editing.
version = 4

[[package]]
name = "observus_agent"
version = "0.1.0"
dependencies = [
 "observus_common",
]

[[package]]
name = "observus_common"
version = "0.1.0"

[[package]]
name = "observus_server"
version = "0.1.0"
dependencies = [
 "observus_common",
]
